
Microsoft Visual Studio Solution File, Format Version 12.00
# Visual Studio 2012
Project("{FAE04EC0-301F-11D3-BF4B-00C04F79EFBC}") = "Vargas.Carla.2C", "Vargas.Carla.2C\Vargas.Carla.2C.csproj", "{06803045-EBF7-4103-A3EA-E9485BD1A0D7}"
EndProject
Project("{FAE04EC0-301F-11D3-BF4B-00C04F79EFBC}") = "EntidadesFinancieras", "EntidadesFinancieras_\EntidadesFinancieras.csproj", "{633710E6-4B23-495E-8513-6B013BD1019A}"
EndProject
Project("{FAE04EC0-301F-11D3-BF4B-00C04F79EFBC}") = "Enumerados", "Enumerados\Enumerados.csproj", "{4532254E-BD48-40AF-A027-9630A84A4574}"
EndProject
Global
	GlobalSection(SolutionConfigurationPlatforms) = preSolution
		Debug|Any CPU = Debug|Any CPU
		Release|Any CPU = Release|Any CPU
	EndGlobalSection
	GlobalSection(ProjectConfigurationPlatforms) = postSolution
		{06803045-EBF7-4103-A3EA-E9485BD1A0D7}.Debug|Any CPU.ActiveCfg = Debug|Any CPU
		{06803045-EBF7-4103-A3EA-E9485BD1A0D7}.Debug|Any CPU.Build.0 = Debug|Any CPU
		{06803045-EBF7-4103-A3EA-E9485BD1A0D7}.Release|Any CPU.ActiveCfg = Release|Any CPU
		{06803045-EBF7-4103-A3EA-E9485BD1A0D7}.Release|Any CPU.Build.0 = Release|Any CPU
		{633710E6-4B23-495E-8513-6B013BD1019A}.Debug|Any CPU.ActiveCfg = Debug|Any CPU
		{633710E6-4B23-495E-8513-6B013BD1019A}.Debug|Any CPU.Build.0 = Debug|Any CPU
		{633710E6-4B23-495E-8513-6B013BD1019A}.Release|Any CPU.ActiveCfg = Release|Any CPU
		{633710E6-4B23-495E-8513-6B013BD1019A}.Release|Any CPU.Build.0 = Release|Any CPU
		{4532254E-BD48-40AF-A027-9630A84A4574}.Debug|Any CPU.ActiveCfg = Debug|Any CPU
		{4532254E-BD48-40AF-A027-9630A84A4574}.Debug|Any CPU.Build.0 = Debug|Any CPU
		{4532254E-BD48-40AF-A027-9630A84A4574}.Release|Any CPU.ActiveCfg = Release|Any CPU
		{4532254E-BD48-40AF-A027-9630A84A4574}.Release|Any CPU.Build.0 = Release|Any CPU
	EndGlobalSection
	GlobalSection(SolutionProperties) = preSolution
		HideSolutionNode = FALSE
	EndGlobalSection
EndGlobal
